
Microsoft Visual Studio Solution File, Format Version 11.00
# Visual Studio 2010
Project("{FAE04EC0-301F-11D3-BF4B-00C04F79EFBC}") = "this is 2D game", "Assembly-CSharp.csproj", "{311F60E2-EC34-1E8E-A01F-5A6A4DDE60E5}"
EndProject
Global
	GlobalSection(SolutionConfigurationPlatforms) = preSolution
		Debug|Any CPU = Debug|Any CPU
		Release|Any CPU = Release|Any CPU
	EndGlobalSection
	GlobalSection(ProjectConfigurationPlatforms) = postSolution
		{311F60E2-EC34-1E8E-A01F-5A6A4DDE60E5}.Debug|Any CPU.ActiveCfg = Debug|Any CPU
		{311F60E2-EC34-1E8E-A01F-5A6A4DDE60E5}.Debug|Any CPU.Build.0 = Debug|Any CPU
		{311F60E2-EC34-1E8E-A01F-5A6A4DDE60E5}.Release|Any CPU.ActiveCfg = Release|Any CPU
		{311F60E2-EC34-1E8E-A01F-5A6A4DDE60E5}.Release|Any CPU.Build.0 = Release|Any CPU
	EndGlobalSection
	GlobalSection(SolutionProperties) = preSolution
		HideSolutionNode = FALSE
	EndGlobalSection
	GlobalSection(MonoDevelopProperties) = preSolution
		StartupItem = Assembly-CSharp.csproj
	EndGlobalSection
EndGlobal
